[[package]]
name = "atomicwrites"
version = "1.4.0"
description = "Atomic file writes."
category = "dev"
optional = false
python-versions = ">=2.7, !=3.0.*, !=3.1.*, !=3.2.*, !=3.3.*"

[[package]]
name = "attrs"
version = "21.2.0"
description = "Classes Without Boilerplate"
category = "dev"
optional = false
python-versions = ">=2.7, !=3.0.*, !=3.1.*, !=3.2.*, !=3.3.*, !=3.4.*"

[package.extras]
dev = ["coverage[toml] (>=5.0.2)", "hypothesis", "pympler", "pytest (>=4.3.0)", "six", "mypy", "pytest-mypy-plugins", "zope.interface", "furo", "sphinx", "sphinx-notfound-page", "pre-commit"]
docs = ["furo", "sphinx", "zope.interface", "sphinx-notfound-page"]
tests = ["coverage[toml] (>=5.0.2)", "hypothesis", "pympler", "pytest (>=4.3.0)", "six", "mypy", "pytest-mypy-plugins", "zope.interface"]
tests_no_zope = ["coverage[toml] (>=5.0.2)", "hypothesis", "pympler", "pytest (>=4.3.0)", "six", "mypy", "pytest-mypy-plugins"]

[[package]]
name = "colorama"
version = "0.4.4"
description = "Cross-platform colored terminal text."
category = "dev"
optional = false
python-versions = ">=2.7, !=3.0.*, !=3.1.*, !=3.2.*, !=3.3.*, !=3.4.*"

[[package]]
name = "cycler"
version = "0.11.0"
description = "Composable style cycles"
category = "main"
optional = false
python-versions = ">=3.6"

[[package]]
name = "et-xmlfile"
version = "1.1.0"
description = "An implementation of lxml.xmlfile for the standard library"
category = "main"
optional = false
python-versions = ">=3.6"

[[package]]
name = "importlib-metadata"
version = "4.8.2"
description = "Read metadata from Python packages"
category = "dev"
optional = false
python-versions = ">=3.6"

[package.dependencies]
typing-extensions = {version = ">=3.6.4", markers = "python_version < \"3.8\""}
zipp = ">=0.5"

[package.extras]
docs = ["sphinx", "jaraco.packaging (>=8.2)", "rst.linker (>=1.9)"]
perf = ["ipython"]
testing = ["pytest (>=6)", "pytest-checkdocs (>=2.4)", "pytest-flake8", "pytest-cov", "pytest-enabler (>=1.0.1)", "packaging", "pep517", "pyfakefs", "flufl.flake8", "pytest-perf (>=0.9.2)", "pytest-black (>=0.3.7)", "pytest-mypy", "importlib-resources (>=1.3)"]

[[package]]
name = "kiwisolver"
version = "1.3.1"
description = "A fast implementation of the Cassowary constraint solver"
category = "main"
optional = false
python-versions = ">=3.6"

[[package]]
name = "matplotlib"
version = "3.3.4"
description = "Python plotting package"
category = "main"
optional = false
python-versions = ">=3.6"

[package.dependencies]
cycler = ">=0.10"
kiwisolver = ">=1.0.1"
numpy = ">=1.15"
pillow = ">=6.2.0"
pyparsing = ">=2.0.3,<2.0.4 || >2.0.4,<2.1.2 || >2.1.2,<2.1.6 || >2.1.6"
python-dateutil = ">=2.1"

[[package]]
name = "more-itertools"
version = "8.11.0"
description = "More routines for operating on iterables, beyond itertools"
category = "dev"
optional = false
python-versions = ">=3.5"

[[package]]
name = "niapy"
version = "2.0.0rc18"
description = "Python micro framework for building nature-inspired algorithms."
category = "main"
optional = false
python-versions = "*"

[package.dependencies]
matplotlib = ">=2.2.4"
numpy = ">=1.17.0"
openpyxl = ">=3.0.3"
pandas = ">=0.24.2"

[[package]]
name = "numpy"
version = "1.19.5"
description = "NumPy is the fundamental package for array computing with Python."
category = "main"
optional = false
python-versions = ">=3.6"

[[package]]
name = "openpyxl"
version = "3.0.9"
description = "A Python library to read/write Excel 2010 xlsx/xlsm files"
category = "main"
optional = false
python-versions = ">=3.6"

[package.dependencies]
et-xmlfile = "*"

[[package]]
name = "packaging"
version = "21.3"
description = "Core utilities for Python packages"
category = "dev"
optional = false
python-versions = ">=3.6"

[package.dependencies]
pyparsing = ">=2.0.2,<3.0.5 || >3.0.5"

[[package]]
name = "pandas"
version = "0.25.3"
description = "Powerful data structures for data analysis, time series, and statistics"
category = "main"
optional = false
python-versions = ">=3.5.3"

[package.dependencies]
numpy = ">=1.13.3"
python-dateutil = ">=2.6.1"
pytz = ">=2017.2"

[package.extras]
test = ["pytest (>=4.0.2)", "pytest-xdist", "hypothesis (>=3.58)"]

[[package]]
name = "pillow"
version = "8.4.0"
description = "Python Imaging Library (Fork)"
category = "main"
optional = false
python-versions = ">=3.6"

[[package]]
name = "pluggy"
version = "0.13.1"
description = "plugin and hook calling mechanisms for python"
category = "dev"
optional = false
python-versions = ">=2.7, !=3.0.*, !=3.1.*, !=3.2.*, !=3.3.*"

[package.dependencies]
importlib-metadata = {version = ">=0.12", markers = "python_version < \"3.8\""}

[package.extras]
dev = ["pre-commit", "tox"]

[[package]]
name = "py"
version = "1.11.0"
description = "library with cross-python path, ini-parsing, io, code, log facilities"
category = "dev"
optional = false
python-versions = ">=2.7, !=3.0.*, !=3.1.*, !=3.2.*, !=3.3.*, !=3.4.*"

[[package]]
name = "pyparsing"
version = "3.0.6"
description = "Python parsing module"
category = "main"
optional = false
python-versions = ">=3.6"

[package.extras]
diagrams = ["jinja2", "railroad-diagrams"]

[[package]]
name = "pytest"
version = "5.4.3"
description = "pytest: simple powerful testing with Python"
category = "dev"
optional = false
python-versions = ">=3.5"

[package.dependencies]
atomicwrites = {version = ">=1.0", markers = "sys_platform == \"win32\""}
attrs = ">=17.4.0"
colorama = {version = "*", markers = "sys_platform == \"win32\""}
importlib-metadata = {version = ">=0.12", markers = "python_version < \"3.8\""}
more-itertools = ">=4.0.0"
packaging = "*"
pluggy = ">=0.12,<1.0"
py = ">=1.5.0"
wcwidth = "*"

[package.extras]
checkqa-mypy = ["mypy (==v0.761)"]
testing = ["argcomplete", "hypothesis (>=3.56)", "mock", "nose", "requests", "xmlschema"]

[[package]]
name = "python-dateutil"
version = "2.8.2"
description = "Extensions to the standard Python datetime module"
category = "main"
optional = false
python-versions = "!=3.0.*,!=3.1.*,!=3.2.*,>=2.7"

[package.dependencies]
six = ">=1.5"

[[package]]
name = "pytz"
version = "2021.3"
description = "World timezone definitions, modern and historical"
category = "main"
optional = false
python-versions = "*"

[[package]]
name = "six"
version = "1.16.0"
description = "Python 2 and 3 compatibility utilities"
category = "main"
optional = false
python-versions = ">=2.7, !=3.0.*, !=3.1.*, !=3.2.*"

[[package]]
name = "typing-extensions"
version = "4.0.0"
description = "Backported and Experimental Type Hints for Python 3.6+"
category = "dev"
optional = false
python-versions = ">=3.6"

[[package]]
name = "wcwidth"
version = "0.2.5"
description = "Measures the displayed width of unicode strings in a terminal"
category = "dev"
optional = false
python-versions = "*"

[[package]]
name = "zipp"
version = "3.6.0"
description = "Backport of pathlib-compatible object wrapper for zip files"
category = "dev"
optional = false
python-versions = ">=3.6"

[package.extras]
docs = ["sphinx", "jaraco.packaging (>=8.2)", "rst.linker (>=1.9)"]
testing = ["pytest (>=4.6)", "pytest-checkdocs (>=2.4)", "pytest-flake8", "pytest-cov", "pytest-enabler (>=1.0.1)", "jaraco.itertools", "func-timeout", "pytest-black (>=0.3.7)", "pytest-mypy"]

[metadata]
lock-version = "1.1"
python-versions = "^3.6"
content-hash = "00b009e3e515ed5f24b152e6be02781e03fdf92d166512588e9cade3522870da"

[metadata.files]
atomicwrites = [
    {file = "atomicwrites-1.4.0-py2.py3-none-any.whl", hash = "sha256:6d1784dea7c0c8d4a5172b6c620f40b6e4cbfdf96d783691f2e1302a7b88e197"},
    {file = "atomicwrites-1.4.0.tar.gz", hash = "sha256:ae70396ad1a434f9c7046fd2dd196fc04b12f9e91ffb859164193be8b6168a7a"},
]
attrs = [
    {file = "attrs-21.2.0-py2.py3-none-any.whl", hash = "sha256:149e90d6d8ac20db7a955ad60cf0e6881a3f20d37096140088356da6c716b0b1"},
    {file = "attrs-21.2.0.tar.gz", hash = "sha256:ef6aaac3ca6cd92904cdd0d83f629a15f18053ec84e6432106f7a4d04ae4f5fb"},
]
colorama = [
    {file = "colorama-0.4.4-py2.py3-none-any.whl", hash = "sha256:9f47eda37229f68eee03b24b9748937c7dc3868f906e8ba69fbcbdd3bc5dc3e2"},
    {file = "colorama-0.4.4.tar.gz", hash = "sha256:5941b2b48a20143d2267e95b1c2a7603ce057ee39fd88e7329b0c292aa16869b"},
]
cycler = [
    {file = "cycler-0.11.0-py3-none-any.whl", hash = "sha256:3a27e95f763a428a739d2add979fa7494c912a32c17c4c38c4d5f082cad165a3"},
    {file = "cycler-0.11.0.tar.gz", hash = "sha256:9c87405839a19696e837b3b818fed3f5f69f16f1eec1a1ad77e043dcea9c772f"},
]
et-xmlfile = [
    {file = "et_xmlfile-1.1.0-py3-none-any.whl", hash = "sha256:a2ba85d1d6a74ef63837eed693bcb89c3f752169b0e3e7ae5b16ca5e1b3deada"},
    {file = "et_xmlfile-1.1.0.tar.gz", hash = "sha256:8eb9e2bc2f8c97e37a2dc85a09ecdcdec9d8a396530a6d5a33b30b9a92da0c5c"},
]
importlib-metadata = [
    {file = "importlib_metadata-4.8.2-py3-none-any.whl", hash = "sha256:53ccfd5c134223e497627b9815d5030edf77d2ed573922f7a0b8f8bb81a1c100"},
    {file = "importlib_metadata-4.8.2.tar.gz", hash = "sha256:75bdec14c397f528724c1bfd9709d660b33a4d2e77387a3358f20b848bb5e5fb"},
]
kiwisolver = [
    {file = "kiwisolver-1.3.1-cp36-cp36m-macosx_10_9_x86_64.whl", hash = "sha256:fd34fbbfbc40628200730bc1febe30631347103fc8d3d4fa012c21ab9c11eca9"},
    {file = "kiwisolver-1.3.1-cp36-cp36m-manylinux1_i686.whl", hash = "sha256:d3155d828dec1d43283bd24d3d3e0d9c7c350cdfcc0bd06c0ad1209c1bbc36d0"},
    {file = "kiwisolver-1.3.1-cp36-cp36m-manylinux1_x86_64.whl", hash = "sha256:5a7a7dbff17e66fac9142ae2ecafb719393aaee6a3768c9de2fd425c63b53e21"},
    {file = "kiwisolver-1.3.1-cp36-cp36m-manylinux2014_aarch64.whl", hash = "sha256:f8d6f8db88049a699817fd9178782867bf22283e3813064302ac59f61d95be05"},
    {file = "kiwisolver-1.3.1-cp36-cp36m-manylinux2014_ppc64le.whl", hash = "sha256:5f6ccd3dd0b9739edcf407514016108e2280769c73a85b9e59aa390046dbf08b"},
    {file = "kiwisolver-1.3.1-cp36-cp36m-win32.whl", hash = "sha256:225e2e18f271e0ed8157d7f4518ffbf99b9450fca398d561eb5c4a87d0986dd9"},
    {file = "kiwisolver-1.3.1-cp36-cp36m-win_amd64.whl", hash = "sha256:cf8b574c7b9aa060c62116d4181f3a1a4e821b2ec5cbfe3775809474113748d4"},
    {file = "kiwisolver-1.3.1-cp37-cp37m-macosx_10_9_x86_64.whl", hash = "sha256:232c9e11fd7ac3a470d65cd67e4359eee155ec57e822e5220322d7b2ac84fbf0"},
    {file = "kiwisolver-1.3.1-cp37-cp37m-manylinux1_i686.whl", hash = "sha256:b38694dcdac990a743aa654037ff1188c7a9801ac3ccc548d3341014bc5ca278"},
    {file = "kiwisolver-1.3.1-cp37-cp37m-manylinux1_x86_64.whl", hash = "sha256:ca3820eb7f7faf7f0aa88de0e54681bddcb46e485beb844fcecbcd1c8bd01689"},
    {file = "kiwisolver-1.3.1-cp37-cp37m-manylinux2014_aarch64.whl", hash = "sha256:c8fd0f1ae9d92b42854b2979024d7597685ce4ada367172ed7c09edf2cef9cb8"},
    {file = "kiwisolver-1.3.1-cp37-cp37m-manylinux2014_ppc64le.whl", hash = "sha256:1e1bc12fb773a7b2ffdeb8380609f4f8064777877b2225dec3da711b421fda31"},
    {file = "kiwisolver-1.3.1-cp37-cp37m-win32.whl", hash = "sha256:72c99e39d005b793fb7d3d4e660aed6b6281b502e8c1eaf8ee8346023c8e03bc"},
    {file = "kiwisolver-1.3.1-cp37-cp37m-win_amd64.whl", hash = "sha256:8be8d84b7d4f2ba4ffff3665bcd0211318aa632395a1a41553250484a871d454"},
    {file = "kiwisolver-1.3.1-cp38-cp38-macosx_10_9_x86_64.whl", hash = "sha256:31dfd2ac56edc0ff9ac295193eeaea1c0c923c0355bf948fbd99ed6018010b72"},
    {file = "kiwisolver-1.3.1-cp38-cp38-manylinux1_i686.whl", hash = "sha256:563c649cfdef27d081c84e72a03b48ea9408c16657500c312575ae9d9f7bc1c3"},
    {file = "kiwisolver-1.3.1-cp38-cp38-manylinux1_x86_64.whl", hash = "sha256:78751b33595f7f9511952e7e60ce858c6d64db2e062afb325985ddbd34b5c131"},
    {file = "kiwisolver-1.3.1-cp38-cp38-manylinux2014_aarch64.whl", hash = "sha256:a357fd4f15ee49b4a98b44ec23a34a95f1e00292a139d6015c11f55774ef10de"},
    {file = "kiwisolver-1.3.1-cp38-cp38-manylinux2014_ppc64le.whl", hash = "sha256:5989db3b3b34b76c09253deeaf7fbc2707616f130e166996606c284395da3f18"},
    {file = "kiwisolver-1.3.1-cp38-cp38-win32.whl", hash = "sha256:c08e95114951dc2090c4a630c2385bef681cacf12636fb0241accdc6b303fd81"},
    {file = "kiwisolver-1.3.1-cp38-cp38-win_amd64.whl", hash = "sha256:44a62e24d9b01ba94ae7a4a6c3fb215dc4af1dde817e7498d901e229aaf50e4e"},
    {file = "kiwisolver-1.3.1-cp39-cp39-macosx_10_9_x86_64.whl", hash = "sha256:50af681a36b2a1dee1d3c169ade9fdc59207d3c31e522519181e12f1b3ba7000"},
    {file = "kiwisolver-1.3.1-cp39-cp39-manylinux1_i686.whl", hash = "sha256:a53d27d0c2a0ebd07e395e56a1fbdf75ffedc4a05943daf472af163413ce9598"},
    {file = "kiwisolver-1.3.1-cp39-cp39-manylinux1_x86_64.whl", hash = "sha256:834ee27348c4aefc20b479335fd422a2c69db55f7d9ab61721ac8cd83eb78882"},
    {file = "kiwisolver-1.3.1-cp39-cp39-manylinux2014_aarch64.whl", hash = "sha256:5c3e6455341008a054cccee8c5d24481bcfe1acdbc9add30aa95798e95c65621"},
    {file = "kiwisolver-1.3.1-cp39-cp39-manylinux2014_ppc64le.whl", hash = "sha256:acef3d59d47dd85ecf909c359d0fd2c81ed33bdff70216d3956b463e12c38a54"},
    {file = "kiwisolver-1.3.1-cp39-cp39-win32.whl", hash = "sha256:c5518d51a0735b1e6cee1fdce66359f8d2b59c3ca85dc2b0813a8aa86818a030"},
    {file = "kiwisolver-1.3.1-cp39-cp39-win_amd64.whl", hash = "sha256:b9edd0110a77fc321ab090aaa1cfcaba1d8499850a12848b81be2222eab648f6"},
    {file = "kiwisolver-1.3.1-pp36-pypy36_pp73-macosx_10_9_x86_64.whl", hash = "sha256:0cd53f403202159b44528498de18f9285b04482bab2a6fc3f5dd8dbb9352e30d"},
    {file = "kiwisolver-1.3.1-pp36-pypy36_pp73-manylinux2010_x86_64.whl", hash = "sha256:33449715e0101e4d34f64990352bce4095c8bf13bed1b390773fc0a7295967b3"},
    {file = "kiwisolver-1.3.1-pp36-pypy36_pp73-win32.whl", hash = "sha256:401a2e9afa8588589775fe34fc22d918ae839aaaf0c0e96441c0fdbce6d8ebe6"},
    {file = "kiwisolver-1.3.1.tar.gz", hash = "sha256:950a199911a8d94683a6b10321f9345d5a3a8433ec58b217ace979e18f16e248"},
]
matplotlib = [
    {file = "matplotlib-3.3.4-cp36-cp36m-macosx_10_9_x86_64.whl", hash = "sha256:672960dd114e342b7c610bf32fb99d14227f29919894388b41553217457ba7ef"},
    {file = "matplotlib-3.3.4-cp36-cp36m-manylinux1_i686.whl", hash = "sha256:7c155437ae4fd366e2700e2716564d1787700687443de46bcb895fe0f84b761d"},
    {file = "matplotlib-3.3.4-cp36-cp36m-manylinux1_x86_64.whl", hash = "sha256:a17f0a10604fac7627ec82820439e7db611722e80c408a726cd00d8c974c2fb3"},
    {file = "matplotlib-3.3.4-cp36-cp36m-win32.whl", hash = "sha256:215e2a30a2090221a9481db58b770ce56b8ef46f13224ae33afe221b14b24dc1"},
    {file = "matplotlib-3.3.4-cp36-cp36m-win_amd64.whl", hash = "sha256:348e6032f666ffd151b323342f9278b16b95d4a75dfacae84a11d2829a7816ae"},
    {file = "matplotlib-3.3.4-cp37-cp37m-macosx_10_9_x86_64.whl", hash = "sha256:94bdd1d55c20e764d8aea9d471d2ae7a7b2c84445e0fa463f02e20f9730783e1"},
    {file = "matplotlib-3.3.4-cp37-cp37m-manylinux1_i686.whl", hash = "sha256:a1acb72f095f1d58ecc2538ed1b8bca0b57df313b13db36ed34b8cdf1868e674"},
    {file = "matplotlib-3.3.4-cp37-cp37m-manylinux1_x86_64.whl", hash = "sha256:46b1a60a04e6d884f0250d5cc8dc7bd21a9a96c584a7acdaab44698a44710bab"},
    {file = "matplotlib-3.3.4-cp37-cp37m-win32.whl", hash = "sha256:ed4a9e6dcacba56b17a0a9ac22ae2c72a35b7f0ef0693aa68574f0b2df607a89"},
    {file = "matplotlib-3.3.4-cp37-cp37m-win_amd64.whl", hash = "sha256:c24c05f645aef776e8b8931cb81e0f1632d229b42b6d216e30836e2e145a2b40"},
    {file = "matplotlib-3.3.4-cp38-cp38-macosx_10_9_x86_64.whl", hash = "sha256:7310e353a4a35477c7f032409966920197d7df3e757c7624fd842f3eeb307d3d"},
    {file = "matplotlib-3.3.4-cp38-cp38-manylinux1_i686.whl", hash = "sha256:451cc89cb33d6652c509fc6b588dc51c41d7246afdcc29b8624e256b7663ed1f"},
    {file = "matplotlib-3.3.4-cp38-cp38-manylinux1_x86_64.whl", hash = "sha256:3d2eb9c1cc254d0ffa90bc96fde4b6005d09c2228f99dfd493a4219c1af99644"},
    {file = "matplotlib-3.3.4-cp38-cp38-win32.whl", hash = "sha256:e15fa23d844d54e7b3b7243afd53b7567ee71c721f592deb0727ee85e668f96a"},
    {file = "matplotlib-3.3.4-cp38-cp38-win_amd64.whl", hash = "sha256:1de0bb6cbfe460725f0e97b88daa8643bcf9571c18ba90bb8e41432aaeca91d6"},
    {file = "matplotlib-3.3.4-cp39-cp39-macosx_10_9_x86_64.whl", hash = "sha256:f44149a0ef5b4991aaef12a93b8e8d66d6412e762745fea1faa61d98524e0ba9"},
    {file = "matplotlib-3.3.4-cp39-cp39-manylinux1_i686.whl", hash = "sha256:746a1df55749629e26af7f977ea426817ca9370ad1569436608dc48d1069b87c"},
    {file = "matplotlib-3.3.4-cp39-cp39-manylinux1_x86_64.whl", hash = "sha256:5f571b92a536206f7958f7cb2d367ff6c9a1fa8229dc35020006e4cdd1ca0acd"},
    {file = "matplotlib-3.3.4-cp39-cp39-win32.whl", hash = "sha256:9265ae0fb35e29f9b8cc86c2ab0a2e3dcddc4dd9de4b85bf26c0f63fe5c1c2ca"},
    {file = "matplotlib-3.3.4-cp39-cp39-win_amd64.whl", hash = "sha256:9a79e5dd7bb797aa611048f5b70588b23c5be05b63eefd8a0d152ac77c4243db"},
    {file = "matplotlib-3.3.4-pp36-pypy36_pp73-macosx_10_9_x86_64.whl", hash = "sha256:1e850163579a8936eede29fad41e202b25923a0a8d5ffd08ce50fc0a97dcdc93"},
    {file = "matplotlib-3.3.4-pp36-pypy36_pp73-manylinux2010_x86_64.whl", hash = "sha256:d738acfdfb65da34c91acbdb56abed46803db39af259b7f194dc96920360dbe4"},
    {file = "matplotlib-3.3.4-pp37-pypy37_pp73-macosx_10_9_x86_64.whl", hash = "sha256:aa49571d8030ad0b9ac39708ee77bd2a22f87815e12bdee52ecaffece9313ed8"},
    {file = "matplotlib-3.3.4-pp37-pypy37_pp73-manylinux2010_x86_64.whl", hash = "sha256:cf3a7e54eff792f0815dbbe9b85df2f13d739289c93d346925554f71d484be78"},
    {file = "matplotlib-3.3.4.tar.gz", hash = "sha256:3e477db76c22929e4c6876c44f88d790aacdf3c3f8f3a90cb1975c0bf37825b0"},
]
more-itertools = [
    {file = "more-itertools-8.11.0.tar.gz", hash = "sha256:0a2fd25d343c08d7e7212071820e7e7ea2f41d8fb45d6bc8a00cd6ce3b7aab88"},
    {file = "more_itertools-8.11.0-py3-none-any.whl", hash = "sha256:88afff98d83d08fe5e4049b81e2b54c06ebb6b3871a600040865c7a592061cbb"},
]
niapy = [
    {file = "niapy-2.0.0rc18-py3-none-any.whl", hash = "sha256:47388365635ef8123fcf00f2b2243dbac2f77a0b2add2566538e3509db27087d"},
    {file = "niapy-2.0.0rc18.tar.gz", hash = "sha256:1412570dead852068d52f2929a2945e52dc544dfb7edb1923da735f5a15fd323"},
]
numpy = [
    {file = "numpy-1.19.5-cp36-cp36m-macosx_10_9_x86_64.whl", hash = "sha256:cc6bd4fd593cb261332568485e20a0712883cf631f6f5e8e86a52caa8b2b50ff"},
    {file = "numpy-1.19.5-cp36-cp36m-manylinux1_i686.whl", hash = "sha256:aeb9ed923be74e659984e321f609b9ba54a48354bfd168d21a2b072ed1e833ea"},
    {file = "numpy-1.19.5-cp36-cp36m-manylinux1_x86_64.whl", hash = "sha256:8b5e972b43c8fc27d56550b4120fe6257fdc15f9301914380b27f74856299fea"},
    {file = "numpy-1.19.5-cp36-cp36m-manylinux2010_i686.whl", hash = "sha256:43d4c81d5ffdff6bae58d66a3cd7f54a7acd9a0e7b18d97abb255defc09e3140"},
    {file = "numpy-1.19.5-cp36-cp36m-manylinux2010_x86_64.whl", hash = "sha256:a4646724fba402aa7504cd48b4b50e783296b5e10a524c7a6da62e4a8ac9698d"},
    {file = "numpy-1.19.5-cp36-cp36m-manylinux2014_aarch64.whl", hash = "sha256:2e55195bc1c6b705bfd8ad6f288b38b11b1af32f3c8289d6c50d47f950c12e76"},
    {file = "numpy-1.19.5-cp36-cp36m-win32.whl", hash = "sha256:39b70c19ec771805081578cc936bbe95336798b7edf4732ed102e7a43ec5c07a"},
    {file = "numpy-1.19.5-cp36-cp36m-win_amd64.whl", hash = "sha256:dbd18bcf4889b720ba13a27ec2f2aac1981bd41203b3a3b27ba7a33f88ae4827"},
    {file = "numpy-1.19.5-cp37-cp37m-macosx_10_9_x86_64.whl", hash = "sha256:603aa0706be710eea8884af807b1b3bc9fb2e49b9f4da439e76000f3b3c6ff0f"},
    {file = "numpy-1.19.5-cp37-cp37m-manylinux1_i686.whl", hash = "sha256:cae865b1cae1ec2663d8ea56ef6ff185bad091a5e33ebbadd98de2cfa3fa668f"},
    {file = "numpy-1.19.5-cp37-cp37m-manylinux1_x86_64.whl", hash = "sha256:36674959eed6957e61f11c912f71e78857a8d0604171dfd9ce9ad5cbf41c511c"},
    {file = "numpy-1.19.5-cp37-cp37m-manylinux2010_i686.whl", hash = "sha256:06fab248a088e439402141ea04f0fffb203723148f6ee791e9c75b3e9e82f080"},
    {file = "numpy-1.19.5-cp37-cp37m-manylinux2010_x86_64.whl", hash = "sha256:6149a185cece5ee78d1d196938b2a8f9d09f5a5ebfbba66969302a778d5ddd1d"},
    {file = "numpy-1.19.5-cp37-cp37m-manylinux2014_aarch64.whl", hash = "sha256:50a4a0ad0111cc1b71fa32dedd05fa239f7fb5a43a40663269bb5dc7877cfd28"},
    {file = "numpy-1.19.5-cp37-cp37m-win32.whl", hash = "sha256:d051ec1c64b85ecc69531e1137bb9751c6830772ee5c1c426dbcfe98ef5788d7"},
    {file = "numpy-1.19.5-cp37-cp37m-win_amd64.whl", hash = "sha256:a12ff4c8ddfee61f90a1633a4c4afd3f7bcb32b11c52026c92a12e1325922d0d"},
    {file = "numpy-1.19.5-cp38-cp38-macosx_10_9_x86_64.whl", hash = "sha256:cf2402002d3d9f91c8b01e66fbb436a4ed01c6498fffed0e4c7566da1d40ee1e"},
    {file = "numpy-1.19.5-cp38-cp38-manylinux1_i686.whl", hash = "sha256:1ded4fce9cfaaf24e7a0ab51b7a87be9038ea1ace7f34b841fe3b6894c721d1c"},
    {file = "numpy-1.19.5-cp38-cp38-manylinux1_x86_64.whl", hash = "sha256:012426a41bc9ab63bb158635aecccc7610e3eff5d31d1eb43bc099debc979d94"},
    {file = "numpy-1.19.5-cp38-cp38-manylinux2010_i686.whl", hash = "sha256:759e4095edc3c1b3ac031f34d9459fa781777a93ccc633a472a5468587a190ff"},
    {file = "numpy-1.19.5-cp38-cp38-manylinux2010_x86_64.whl", hash = "sha256:a9d17f2be3b427fbb2bce61e596cf555d6f8a56c222bd2ca148baeeb5e5c783c"},
    {file = "numpy-1.19.5-cp38-cp38-manylinux2014_aarch64.whl", hash = "sha256:99abf4f353c3d1a0c7a5f27699482c987cf663b1eac20db59b8c7b061eabd7fc"},
    {file = "numpy-1.19.5-cp38-cp38-win32.whl", hash = "sha256:384ec0463d1c2671170901994aeb6dce126de0a95ccc3976c43b0038a37329c2"},
    {file = "numpy-1.19.5-cp38-cp38-win_amd64.whl", hash = "sha256:811daee36a58dc79cf3d8bdd4a490e4277d0e4b7d103a001a4e73ddb48e7e6aa"},
    {file = "numpy-1.19.5-cp39-cp39-macosx_10_9_x86_64.whl", hash = "sha256:c843b3f50d1ab7361ca4f0b3639bf691569493a56808a0b0c54a051d260b7dbd"},
    {file = "numpy-1.19.5-cp39-cp39-manylinux1_i686.whl", hash = "sha256:d6631f2e867676b13026e2846180e2c13c1e11289d67da08d71cacb2cd93d4aa"},
    {file = "numpy-1.19.5-cp39-cp39-manylinux1_x86_64.whl", hash = "sha256:7fb43004bce0ca31d8f13a6eb5e943fa73371381e53f7074ed21a4cb786c32f8"},
    {file = "numpy-1.19.5-cp39-cp39-manylinux2010_i686.whl", hash = "sha256:2ea52bd92ab9f768cc64a4c3ef8f4b2580a17af0a5436f6126b08efbd1838371"},
    {file = "numpy-1.19.5-cp39-cp39-manylinux2010_x86_64.whl", hash = "sha256:400580cbd3cff6ffa6293df2278c75aef2d58d8d93d3c5614cd67981dae68ceb"},
    {file = "numpy-1.19.5-cp39-cp39-manylinux2014_aarch64.whl", hash = "sha256:df609c82f18c5b9f6cb97271f03315ff0dbe481a2a02e56aeb1b1a985ce38e60"},
    {file = "numpy-1.19.5-cp39-cp39-win32.whl", hash = "sha256:ab83f24d5c52d60dbc8cd0528759532736b56db58adaa7b5f1f76ad551416a1e"},
    {file = "numpy-1.19.5-cp39-cp39-win_amd64.whl", hash = "sha256:0eef32ca3132a48e43f6a0f5a82cb508f22ce5a3d6f67a8329c81c8e226d3f6e"},
    {file = "numpy-1.19.5-pp36-pypy36_pp73-manylinux2010_x86_64.whl", hash = "sha256:a0d53e51a6cb6f0d9082decb7a4cb6dfb33055308c4c44f53103c073f649af73"},
    {file = "numpy-1.19.5.zip", hash = "sha256:a76f502430dd98d7546e1ea2250a7360c065a5fdea52b2dffe8ae7180909b6f4"},
]
openpyxl = [
    {file = "openpyxl-3.0.9-py2.py3-none-any.whl", hash = "sha256:8f3b11bd896a95468a4ab162fc4fcd260d46157155d1f8bfaabb99d88cfcf79f"},
    {file = "openpyxl-3.0.9.tar.gz", hash = "sha256:40f568b9829bf9e446acfffce30250ac1fa39035124d55fc024025c41481c90f"},
]
packaging = [
    {file = "packaging-21.3-py3-none-any.whl", hash = "sha256:ef103e05f519cdc783ae24ea4e2e0f508a9c99b2d4969652eed6a2e1ea5bd522"},
    {file = "packaging-21.3.tar.gz", hash = "sha256:dd47c42927d89ab911e606518907cc2d3a1f38bbd026385970643f9c5b8ecfeb"},
]
pandas = [
    {file = "pandas-0.25.3-cp35-cp35m-macosx_10_6_intel.whl", hash = "sha256:df8864824b1fe488cf778c3650ee59c3a0d8f42e53707de167ba6b4f7d35f133"},
    {file = "pandas-0.25.3-cp35-cp35m-manylinux1_i686.whl", hash = "sha256:7458c48e3d15b8aaa7d575be60e1e4dd70348efcd9376656b72fecd55c59a4c3"},
    {file = "pandas-0.25.3-cp35-cp35m-manylinux1_x86_64.whl", hash = "sha256:61741f5aeb252f39c3031d11405305b6d10ce663c53bc3112705d7ad66c013d0"},
    {file = "pandas-0.25.3-cp35-cp35m-win32.whl", hash = "sha256:adc3d3a3f9e59a38d923e90e20c4922fc62d1e5a03d083440468c6d8f3f1ae0a"},
    {file = "pandas-0.25.3-cp35-cp35m-win_amd64.whl", hash = "sha256:975c461accd14e89d71772e89108a050fa824c0b87a67d34cedf245f6681fc17"},
    {file = "pandas-0.25.3-cp36-cp36m-macosx_10_9_x86_64.whl", hash = "sha256:ee50c2142cdcf41995655d499a157d0a812fce55c97d9aad13bc1eef837ed36c"},
    {file = "pandas-0.25.3-cp36-cp36m-manylinux1_i686.whl", hash = "sha256:4545467a637e0e1393f7d05d61dace89689ad6d6f66f267f86fff737b702cce9"},
    {file = "pandas-0.25.3-cp36-cp36m-manylinux1_x86_64.whl", hash = "sha256:bbe3eb765a0b1e578833d243e2814b60c825b7fdbf4cdfe8e8aae8a08ed56ecf"},
    {file = "pandas-0.25.3-cp36-cp36m-win32.whl", hash = "sha256:8153705d6545fd9eb6dd2bc79301bff08825d2e2f716d5dced48daafc2d0b81f"},
    {file = "pandas-0.25.3-cp36-cp36m-win_amd64.whl", hash = "sha256:26382aab9c119735908d94d2c5c08020a4a0a82969b7e5eefb92f902b3b30ad7"},
    {file = "pandas-0.25.3-cp37-cp37m-macosx_10_9_x86_64.whl", hash = "sha256:00dff3a8e337f5ed7ad295d98a31821d3d0fe7792da82d78d7fd79b89c03ea9d"},
    {file = "pandas-0.25.3-cp37-cp37m-manylinux1_x86_64.whl", hash = "sha256:e45055c30a608076e31a9fcd780a956ed3b1fa20db61561b8d88b79259f526f7"},
    {file = "pandas-0.25.3-cp37-cp37m-win32.whl", hash = "sha256:255920e63850dc512ce356233081098554d641ba99c3767dde9e9f35630f994b"},
    {file = "pandas-0.25.3-cp37-cp37m-win_amd64.whl", hash = "sha256:22361b1597c8c2ffd697aa9bf85423afa9e1fcfa6b1ea821054a244d5f24d75e"},
    {file = "pandas-0.25.3-cp38-cp38-macosx_10_9_x86_64.whl", hash = "sha256:9962957a27bfb70ab64103d0a7b42fa59c642fb4ed4cb75d0227b7bb9228535d"},
    {file = "pandas-0.25.3-cp38-cp38-manylinux1_x86_64.whl", hash = "sha256:78bf638993219311377ce9836b3dc05f627a666d0dbc8cec37c0ff3c9ada673b"},
    {file = "pandas-0.25.3-cp38-cp38-win32.whl", hash = "sha256:6a3ac2c87e4e32a969921d1428525f09462770c349147aa8e9ab95f88c71ec71"},
    {file = "pandas-0.25.3-cp38-cp38-win_amd64.whl", hash = "sha256:33970f4cacdd9a0ddb8f21e151bfb9f178afb7c36eb7c25b9094c02876f385c2"},
    {file = "pandas-0.25.3.tar.gz", hash = "sha256:52da74df8a9c9a103af0a72c9d5fdc8e0183a90884278db7f386b5692a2220a4"},
]
pillow = [
    {file = "Pillow-8.4.0-cp310-cp310-macosx_10_10_universal2.whl", hash = "sha256:81f8d5c81e483a9442d72d182e1fb6dcb9723f289a57e8030811bac9ea3fef8d"},
    {file = "Pillow-8.4.0-cp310-cp310-macosx_11_0_arm64.whl", hash = "sha256:3f97cfb1e5a392d75dd8b9fd274d205404729923840ca94ca45a0af57e13dbe6"},
    {file = "Pillow-8.4.0-cp310-cp310-manylinux_2_17_aarch64.manylinux2014_aarch64.whl", hash = "sha256:eb9fc393f3c61f9054e1ed26e6fe912c7321af2f41ff49d3f83d05bacf22cc78"},
    {file = "Pillow-8.4.0-cp310-cp310-manylinux_2_17_i686.manylinux2014_i686.whl", hash = "sha256:d82cdb63100ef5eedb8391732375e6d05993b765f72cb34311fab92103314649"},
    {file = "Pillow-8.4.0-cp310-cp310-manylinux_2_17_x86_64.manylinux2014_x86_64.whl", hash = "sha256:62cc1afda735a8d109007164714e73771b499768b9bb5afcbbee9d0ff374b43f"},
    {file = "Pillow-8.4.0-cp310-cp310-win32.whl", hash = "sha256:e3dacecfbeec9a33e932f00c6cd7996e62f53ad46fbe677577394aaa90ee419a"},
    {file = "Pillow-8.4.0-cp310-cp310-win_amd64.whl", hash = "sha256:620582db2a85b2df5f8a82ddeb52116560d7e5e6b055095f04ad828d1b0baa39"},
    {file = "Pillow-8.4.0-cp36-cp36m-macosx_10_10_x86_64.whl", hash = "sha256:1bc723b434fbc4ab50bb68e11e93ce5fb69866ad621e3c2c9bdb0cd70e345f55"},
    {file = "Pillow-8.4.0-cp36-cp36m-manylinux_2_17_aarch64.manylinux2014_aarch64.whl", hash = "sha256:72cbcfd54df6caf85cc35264c77ede902452d6df41166010262374155947460c"},
    {file = "Pillow-8.4.0-cp36-cp36m-manylinux_2_17_i686.manylinux2014_i686.whl", hash = "sha256:70ad9e5c6cb9b8487280a02c0ad8a51581dcbbe8484ce058477692a27c151c0a"},
    {file = "Pillow-8.4.0-cp36-cp36m-manylinux_2_17_x86_64.manylinux2014_x86_64.whl", hash = "sha256:25a49dc2e2f74e65efaa32b153527fc5ac98508d502fa46e74fa4fd678ed6645"},
    {file = "Pillow-8.4.0-cp36-cp36m-win32.whl", hash = "sha256:93ce9e955cc95959df98505e4608ad98281fff037350d8c2671c9aa86bcf10a9"},
    {file = "Pillow-8.4.0-cp36-cp36m-win_amd64.whl", hash = "sha256:2e4440b8f00f504ee4b53fe30f4e381aae30b0568193be305256b1462216feff"},
    {file = "Pillow-8.4.0-cp37-cp37m-macosx_10_10_x86_64.whl", hash = "sha256:8c803ac3c28bbc53763e6825746f05cc407b20e4a69d0122e526a582e3b5e153"},
    {file = "Pillow-8.4.0-cp37-cp37m-manylinux_2_17_aarch64.manylinux2014_aarch64.whl", hash = "sha256:c8a17b5d948f4ceeceb66384727dde11b240736fddeda54ca740b9b8b1556b29"},
    {file = "Pillow-8.4.0-cp37-cp37m-manylinux_2_17_i686.manylinux2014_i686.whl", hash = "sha256:1394a6ad5abc838c5cd8a92c5a07535648cdf6d09e8e2d6df916dfa9ea86ead8"},
    {file = "Pillow-8.4.0-cp37-cp37m-manylinux_2_17_x86_64.manylinux2014_x86_64.whl", hash = "sha256:792e5c12376594bfcb986ebf3855aa4b7c225754e9a9521298e460e92fb4a488"},
    {file = "Pillow-8.4.0-cp37-cp37m-win32.whl", hash = "sha256:d99ec152570e4196772e7a8e4ba5320d2d27bf22fdf11743dd882936ed64305b"},
    {file = "Pillow-8.4.0-cp37-cp37m-win_amd64.whl", hash = "sha256:7b7017b61bbcdd7f6363aeceb881e23c46583739cb69a3ab39cb384f6ec82e5b"},
    {file = "Pillow-8.4.0-cp38-cp38-macosx_10_10_x86_64.whl", hash = "sha256:d89363f02658e253dbd171f7c3716a5d340a24ee82d38aab9183f7fdf0cdca49"},
    {file = "Pillow-8.4.0-cp38-cp38-macosx_11_0_arm64.whl", hash = "sha256:0a0956fdc5defc34462bb1c765ee88d933239f9a94bc37d132004775241a7585"},
    {file = "Pillow-8.4.0-cp38-cp38-manylinux_2_17_aarch64.manylinux2014_aarch64.whl", hash = "sha256:5b7bb9de00197fb4261825c15551adf7605cf14a80badf1761d61e59da347779"},
    {file = "Pillow-8.4.0-cp38-cp38-manylinux_2_17_i686.manylinux2014_i686.whl", hash = "sha256:72b9e656e340447f827885b8d7a15fc8c4e68d410dc2297ef6787eec0f0ea409"},
    {file = "Pillow-8.4.0-cp38-cp38-manylinux_2_17_x86_64.manylinux2014_x86_64.whl", hash = "sha256:a5a4532a12314149d8b4e4ad8ff09dde7427731fcfa5917ff16d0291f13609df"},
    {file = "Pillow-8.4.0-cp38-cp38-win32.whl", hash = "sha256:82aafa8d5eb68c8463b6e9baeb4f19043bb31fefc03eb7b216b51e6a9981ae09"},
    {file = "Pillow-8.4.0-cp38-cp38-win_amd64.whl", hash = "sha256:066f3999cb3b070a95c3652712cffa1a748cd02d60ad7b4e485c3748a04d9d76"},
    {file = "Pillow-8.4.0-cp39-cp39-macosx_10_10_x86_64.whl", hash = "sha256:5503c86916d27c2e101b7f71c2ae2cddba01a2cf55b8395b0255fd33fa4d1f1a"},
    {file = "Pillow-8.4.0-cp39-cp39-macosx_11_0_arm64.whl", hash = "sha256:4acc0985ddf39d1bc969a9220b51d94ed51695d455c228d8ac29fcdb25810e6e"},
    {file = "Pillow-8.4.0-cp39-cp39-manylinux_2_17_aarch64.manylinux2014_aarch64.whl", hash = "sha256:0b052a619a8bfcf26bd8b3f48f45283f9e977890263e4571f2393ed8898d331b"},
    {file = "Pillow-8.4.0-cp39-cp39-manylinux_2_17_i686.manylinux2014_i686.whl", hash = "sha256:493cb4e415f44cd601fcec11c99836f707bb714ab03f5ed46ac25713baf0ff20"},
    {file = "Pillow-8.4.0-cp39-cp39-manylinux_2_17_x86_64.manylinux2014_x86_64.whl", hash = "sha256:b8831cb7332eda5dc89b21a7bce7ef6ad305548820595033a4b03cf3091235ed"},
    {file = "Pillow-8.4.0-cp39-cp39-win32.whl", hash = "sha256:5e9ac5f66616b87d4da618a20ab0a38324dbe88d8a39b55be8964eb520021e02"},
    {file = "Pillow-8.4.0-cp39-cp39-win_amd64.whl", hash = "sha256:3eb1ce5f65908556c2d8685a8f0a6e989d887ec4057326f6c22b24e8a172c66b"},
    {file = "Pillow-8.4.0-pp36-pypy36_pp73-macosx_10_10_x86_64.whl", hash = "sha256:ddc4d832a0f0b4c52fff973a0d44b6c99839a9d016fe4e6a1cb8f3eea96479c2"},
    {file = "Pillow-8.4.0-pp36-pypy36_pp73-manylinux_2_17_i686.manylinux2014_i686.whl", hash = "sha256:9a3e5ddc44c14042f0844b8cf7d2cd455f6cc80fd7f5eefbe657292cf601d9ad"},
    {file = "Pillow-8.4.0-pp36-pypy36_pp73-manylinux_2_17_x86_64.manylinux2014_x86_64.whl", hash = "sha256:c70e94281588ef053ae8998039610dbd71bc509e4acbc77ab59d7d2937b10698"},
    {file = "Pillow-8.4.0-pp37-pypy37_pp73-macosx_10_10_x86_64.whl", hash = "sha256:3862b7256046fcd950618ed22d1d60b842e3a40a48236a5498746f21189afbbc"},
    {file = "Pillow-8.4.0-pp37-pypy37_pp73-manylinux_2_17_i686.manylinux2014_i686.whl", hash = "sha256:a4901622493f88b1a29bd30ec1a2f683782e57c3c16a2dbc7f2595ba01f639df"},
    {file = "Pillow-8.4.0-pp37-pypy37_pp73-manylinux_2_17_x86_64.manylinux2014_x86_64.whl", hash = "sha256:84c471a734240653a0ec91dec0996696eea227eafe72a33bd06c92697728046b"},
    {file = "Pillow-8.4.0-pp37-pypy37_pp73-win_amd64.whl", hash = "sha256:244cf3b97802c34c41905d22810846802a3329ddcb93ccc432870243211c79fc"},
    {file = "Pillow-8.4.0.tar.gz", hash = "sha256:b8e2f83c56e141920c39464b852de3719dfbfb6e3c99a2d8da0edf4fb33176ed"},
]
pluggy = [
    {file = "pluggy-0.13.1-py2.py3-none-any.whl", hash = "sha256:966c145cd83c96502c3c3868f50408687b38434af77734af1e9ca461a4081d2d"},
    {file = "pluggy-0.13.1.tar.gz", hash = "sha256:15b2acde666561e1298d71b523007ed7364de07029219b604cf808bfa1c765b0"},
]
py = [
    {file = "py-1.11.0-py2.py3-none-any.whl", hash = "sha256:607c53218732647dff4acdfcd50cb62615cedf612e72d1724fb1a0cc6405b378"},
    {file = "py-1.11.0.tar.gz", hash = "sha256:51c75c4126074b472f746a24399ad32f6053d1b34b68d2fa41e558e6f4a98719"},
]
pyparsing = [
    {file = "pyparsing-3.0.6-py3-none-any.whl", hash = "sha256:04ff808a5b90911829c55c4e26f75fa5ca8a2f5f36aa3a51f68e27033341d3e4"},
    {file = "pyparsing-3.0.6.tar.gz", hash = "sha256:d9bdec0013ef1eb5a84ab39a3b3868911598afa494f5faa038647101504e2b81"},
]
pytest = [
    {file = "pytest-5.4.3-py3-none-any.whl", hash = "sha256:5c0db86b698e8f170ba4582a492248919255fcd4c79b1ee64ace34301fb589a1"},
    {file = "pytest-5.4.3.tar.gz", hash = "sha256:7979331bfcba207414f5e1263b5a0f8f521d0f457318836a7355531ed1a4c7d8"},
]
python-dateutil = [
    {file = "python-dateutil-2.8.2.tar.gz", hash = "sha256:0123cacc1627ae19ddf3c27a5de5bd67ee4586fbdd6440d9748f8abb483d3e86"},
    {file = "python_dateutil-2.8.2-py2.py3-none-any.whl", hash = "sha256:961d03dc3453ebbc59dbdea9e4e11c5651520a876d0f4db161e8674aae935da9"},
]
pytz = [
    {file = "pytz-2021.3-py2.py3-none-any.whl", hash = "sha256:3672058bc3453457b622aab7a1c3bfd5ab0bdae451512f6cf25f64ed37f5b87c"},
    {file = "pytz-2021.3.tar.gz", hash = "sha256:acad2d8b20a1af07d4e4c9d2e9285c5ed9104354062f275f3fcd88dcef4f1326"},
]
six = [
    {file = "six-1.16.0-py2.py3-none-any.whl", hash = "sha256:8abb2f1d86890a2dfb989f9a77cfcfd3e47c2a354b01111771326f8aa26e0254"},
    {file = "six-1.16.0.tar.gz", hash = "sha256:1e61c37477a1626458e36f7b1d82aa5c9b094fa4802892072e49de9c60c4c926"},
]
typing-extensions = [
    {file = "typing_extensions-4.0.0-py3-none-any.whl", hash = "sha256:829704698b22e13ec9eaf959122315eabb370b0884400e9818334d8b677023d9"},
    {file = "typing_extensions-4.0.0.tar.gz", hash = "sha256:2cdf80e4e04866a9b3689a51869016d36db0814d84b8d8a568d22781d45d27ed"},
]
wcwidth = [
    {file = "wcwidth-0.2.5-py2.py3-none-any.whl", hash = "sha256:beb4802a9cebb9144e99086eff703a642a13d6a0052920003a230f3294bbe784"},
    {file = "wcwidth-0.2.5.tar.gz", hash = "sha256:c4d647b99872929fdb7bdcaa4fbe7f01413ed3d98077df798530e5b04f116c83"},
]
zipp = [
    {file = "zipp-3.6.0-py3-none-any.whl", hash = "sha256:9fe5ea21568a0a70e50f273397638d39b03353731e6cbbb3fd8502a33fec40bc"},
    {file = "zipp-3.6.0.tar.gz", hash = "sha256:71c644c5369f4a6e07636f0aa966270449561fcea2e3d6747b8d23efaa9d7832"},
]
